dependencies:
  idf:
    source:
      type: idf
    version: 6.0.1
  pocket-stack/pocketjs_guest:
    dependencies:
    - name: idf
      version: '>=6.0,<6.2'
    source:
      path: components/pocketjs_guest
      type: local
    targets:
    - esp32p4
    - esp32s3
    version: 0.1.0
direct_dependencies:
- idf
- pocket-stack/pocketjs_guest
manifest_hash: b3cea3f8ffc693b7fe290af18bbf8b4925f8992799afd496d5a6aa62c25c2666
target: esp32s3
version: 3.0.0
